
Microsoft Visual Studio Solution File, Format Version 12.00
# Visual Studio Version 16
VisualStudioVersion = 16.0.30523.141
MinimumVisualStudioVersion = 10.0.40219.1
Project("{FAE04EC0-301F-11D3-BF4B-00C04F79EFBC}") = "Lemin", "Lemin\Lemin.csproj", "{7820B903-12E3-47BA-BFE6-DF1DC1733134}"
EndProject
Global
	GlobalSection(SolutionConfigurationPlatforms) = preSolution
		Debug|Any CPU = Debug|Any CPU
		Release|Any CPU = Release|Any CPU
	EndGlobalSection
	GlobalSection(ProjectConfigurationPlatforms) = postSolution
		{7820B903-12E3-47BA-BFE6-DF1DC1733134}.Debug|Any CPU.ActiveCfg = Debug|Any CPU
		{7820B903-12E3-47BA-BFE6-DF1DC1733134}.Debug|Any CPU.Build.0 = Debug|Any CPU
		{7820B903-12E3-47BA-BFE6-DF1DC1733134}.Release|Any CPU.ActiveCfg = Release|Any CPU
		{7820B903-12E3-47BA-BFE6-DF1DC1733134}.Release|Any CPU.Build.0 = Release|Any CPU
	EndGlobalSection
	GlobalSection(SolutionProperties) = preSolution
		HideSolutionNode = FALSE
	EndGlobalSection
	GlobalSection(ExtensibilityGlobals) = postSolution
		SolutionGuid = {DAA92E5A-336D-42FE-8B53-B1F5D159910E}
	EndGlobalSection
EndGlobal
